// !$*UTF8*$!
{
	archiveVersion = 1;
	classes = {
	};
	objectVersion = 56;
	objects = {

/* Begin PBXBuildFile section */
		CA18C8522BF2692700987B43 /* AppDelegate.swift in Sources */ = {isa = PBXBuildFile; fileRef = CA18C8512BF2692700987B43 /* AppDelegate.swift */; };
		CA18C8542BF2692700987B43 /* SceneDelegate.swift in Sources */ = {isa = PBXBuildFile; fileRef = CA18C8532BF2692700987B43 /* SceneDelegate.swift */; };
		CA18C8562BF2692700987B43 /* LoginViewController.swift in Sources */ = {isa = PBXBuildFile; fileRef = CA18C8552BF2692700987B43 /* LoginViewController.swift */; };
		CA18C85B2BF2692900987B43 /* Assets.xcassets in Resources */ = {isa = PBXBuildFile; fileRef = CA18C85A2BF2692900987B43 /* Assets.xcassets */; };
		CA18C85E2BF2692900987B43 /* Base in Resources */ = {isa = PBXBuildFile; fileRef = CA18C85D2BF2692900987B43 /* Base */; };
		CA18C8672BF26AC700987B43 /* Newable.swift in Sources */ = {isa = PBXBuildFile; fileRef = CA18C8662BF26AC700987B43 /* Newable.swift */; };
		CA18C8692BF26AE300987B43 /* UIView+Utils.swift in Sources */ = {isa = PBXBuildFile; fileRef = CA18C8682BF26AE300987B43 /* UIView+Utils.swift */; };
		CA18C86B2BF26AEC00987B43 /* UIStackView.swift in Sources */ = {isa = PBXBuildFile; fileRef = CA18C86A2BF26AEC00987B43 /* UIStackView.swift */; };
		CA18C8742BF26B8D00987B43 /* RegistrationViewController.swift in Sources */ = {isa = PBXBuildFile; fileRef = CA18C8732BF26B8D00987B43 /* RegistrationViewController.swift */; };
		CADE7BA32BF2858600E55F7C /* SnapKit in Frameworks */ = {isa = PBXBuildFile; productRef = CADE7BA22BF2858600E55F7C /* SnapKit */; };
		CADE7BA52BF2858600E55F7C /* SnapKit-Dynamic in Frameworks */ = {isa = PBXBuildFile; productRef = CADE7BA42BF2858600E55F7C /* SnapKit-Dynamic */; };
		CADE7BA92BF2880A00E55F7C /* GoogleSignIn in Frameworks */ = {isa = PBXBuildFile; productRef = CADE7BA82BF2880A00E55F7C /* GoogleSignIn */; };
		CADE7BAB2BF2880A00E55F7C /* GoogleSignInSwift in Frameworks */ = {isa = PBXBuildFile; productRef = CADE7BAA2BF2880A00E55F7C /* GoogleSignInSwift */; };
		CADE7BB02BF289AC00E55F7C /* FirebaseAnalytics in Frameworks */ = {isa = PBXBuildFile; productRef = CADE7BAF2BF289AC00E55F7C /* FirebaseAnalytics */; };
		CADE7BB22BF289AC00E55F7C /* FirebaseAnalyticsSwift in Frameworks */ = {isa = PBXBuildFile; productRef = CADE7BB12BF289AC00E55F7C /* FirebaseAnalyticsSwift */; };
		CADE7BB62BF362B800E55F7C /* GoogleService-Info.plist in Resources */ = {isa = PBXBuildFile; fileRef = CADE7BB52BF362B800E55F7C /* GoogleService-Info.plist */; };
		CADE7BDE2BF38D9500E55F7C /* EditorViewController.swift in Sources */ = {isa = PBXBuildFile; fileRef = CADE7BDD2BF38D9500E55F7C /* EditorViewController.swift */; };
		CADE7BE02BF3942F00E55F7C /* EditorCollectionViewCell.swift in Sources */ = {isa = PBXBuildFile; fileRef = CADE7BDF2BF3942F00E55F7C /* EditorCollectionViewCell.swift */; };
		CADE7BE42BF399D100E55F7C /* EditorViewModel.swift in Sources */ = {isa = PBXBuildFile; fileRef = CADE7BE32BF399D100E55F7C /* EditorViewModel.swift */; };
		CADE7BE62BF3A33C00E55F7C /* LoginViewModel.swift in Sources */ = {isa = PBXBuildFile; fileRef = CADE7BE52BF3A33C00E55F7C /* LoginViewModel.swift */; };
		CADE7BE82BF3A3AE00E55F7C /* AppFlow.swift in Sources */ = {isa = PBXBuildFile; fileRef = CADE7BE72BF3A3AE00E55F7C /* AppFlow.swift */; };
		CADE7BEA2BF3CEFA00E55F7C /* ShareableImage.swift in Sources */ = {isa = PBXBuildFile; fileRef = CADE7BE92BF3CEFA00E55F7C /* ShareableImage.swift */; };
		CADE7BED2BF3EB4B00E55F7C /* CropViewController in Frameworks */ = {isa = PBXBuildFile; productRef = CADE7BEC2BF3EB4B00E55F7C /* CropViewController */; };
		CADE7BEF2BF3EB4B00E55F7C /* TOCropViewController in Frameworks */ = {isa = PBXBuildFile; productRef = CADE7BEE2BF3EB4B00E55F7C /* TOCropViewController */; };
/* End PBXBuildFile section */

/* Begin PBXFileReference section */
		CA18C84E2BF2692700987B43 /* AuthorizationApp.app */ = {isa = PBXFileReference; explicitFileType = wrapper.application; includeInIndex = 0; path = AuthorizationApp.app; sourceTree = BUILT_PRODUCTS_DIR; };
		CA18C8512BF2692700987B43 /* AppDelegate.swift */ = {isa = PBXFileReference; lastKnownFileType = sourcecode.swift; path = AppDelegate.swift; sourceTree = "<group>"; };
		CA18C8532BF2692700987B43 /* SceneDelegate.swift */ = {isa = PBXFileReference; lastKnownFileType = sourcecode.swift; path = SceneDelegate.swift; sourceTree = "<group>"; };
		CA18C8552BF2692700987B43 /* LoginViewController.swift */ = {isa = PBXFileReference; lastKnownFileType = sourcecode.swift; path = LoginViewController.swift; sourceTree = "<group>"; };
		CA18C85A2BF2692900987B43 /* Assets.xcassets */ = {isa = PBXFileReference; lastKnownFileType = folder.assetcatalog; path = Assets.xcassets; sourceTree = "<group>"; };
		CA18C85D2BF2692900987B43 /* Base */ = {isa = PBXFileReference; lastKnownFileType = file.storyboard; name = Base; path = Base.lproj/LaunchScreen.storyboard; sourceTree = "<group>"; };
		CA18C85F2BF2692900987B43 /* Info.plist */ = {isa = PBXFileReference; lastKnownFileType = text.plist.xml; path = Info.plist; sourceTree = "<group>"; };
		CA18C8662BF26AC700987B43 /* Newable.swift */ = {isa = PBXFileReference; lastKnownFileType = sourcecode.swift; path = Newable.swift; sourceTree = "<group>"; };
		CA18C8682BF26AE300987B43 /* UIView+Utils.swift */ = {isa = PBXFileReference; lastKnownFileType = sourcecode.swift; path = "UIView+Utils.swift"; sourceTree = "<group>"; };
		CA18C86A2BF26AEC00987B43 /* UIStackView.swift */ = {isa = PBXFileReference; lastKnownFileType = sourcecode.swift; path = UIStackView.swift; sourceTree = "<group>"; };
		CA18C8732BF26B8D00987B43 /* RegistrationViewController.swift */ = {isa = PBXFileReference; lastKnownFileType = sourcecode.swift; path = RegistrationViewController.swift; sourceTree = "<group>"; };
		CADE7BB52BF362B800E55F7C /* GoogleService-Info.plist */ = {isa = PBXFileReference; fileEncoding = 4; lastKnownFileType = text.plist.xml; path = "GoogleService-Info.plist"; sourceTree = "<group>"; };
		CADE7BDD2BF38D9500E55F7C /* EditorViewController.swift */ = {isa = PBXFileReference; lastKnownFileType = sourcecode.swift; path = EditorViewController.swift; sourceTree = "<group>"; };
		CADE7BDF2BF3942F00E55F7C /* EditorCollectionViewCell.swift */ = {isa = PBXFileReference; lastKnownFileType = sourcecode.swift; path = EditorCollectionViewCell.swift; sourceTree = "<group>"; };
		CADE7BE32BF399D100E55F7C /* EditorViewModel.swift */ = {isa = PBXFileReference; lastKnownFileType = sourcecode.swift; path = EditorViewModel.swift; sourceTree = "<group>"; };
		CADE7BE52BF3A33C00E55F7C /* LoginViewModel.swift */ = {isa = PBXFileReference; lastKnownFileType = sourcecode.swift; path = LoginViewModel.swift; sourceTree = "<group>"; };
		CADE7BE72BF3A3AE00E55F7C /* AppFlow.swift */ = {isa = PBXFileReference; lastKnownFileType = sourcecode.swift; path = AppFlow.swift; sourceTree = "<group>"; };
		CADE7BE92BF3CEFA00E55F7C /* ShareableImage.swift */ = {isa = PBXFileReference; lastKnownFileType = sourcecode.swift; path = ShareableImage.swift; sourceTree = "<group>"; };
/* End PBXFileReference section */

/* Begin PBXFrameworksBuildPhase section */
		CA18C84B2BF2692700987B43 /* Frameworks */ = {
			isa = PBXFrameworksBuildPhase;
			buildActionMask = 2147483647;
			files = (
				CADE7BB22BF289AC00E55F7C /* FirebaseAnalyticsSwift in Frameworks */,
				CADE7BA32BF2858600E55F7C /* SnapKit in Frameworks */,
				CADE7BEF2BF3EB4B00E55F7C /* TOCropViewController in Frameworks */,
				CADE7BA52BF2858600E55F7C /* SnapKit-Dynamic in Frameworks */,
				CADE7BA92BF2880A00E55F7C /* GoogleSignIn in Frameworks */,
				CADE7BB02BF289AC00E55F7C /* FirebaseAnalytics in Frameworks */,
				CADE7BAB2BF2880A00E55F7C /* GoogleSignInSwift in Frameworks */,
				CADE7BED2BF3EB4B00E55F7C /* CropViewController in Frameworks */,
			);
			runOnlyForDeploymentPostprocessing = 0;
		};
/* End PBXFrameworksBuildPhase section */

/* Begin PBXGroup section */
		CA18C8452BF2692700987B43 = {
			isa = PBXGroup;
			children = (
				CA18C8502BF2692700987B43 /* AuthorizationApp */,
				CA18C84F2BF2692700987B43 /* Products */,
			);
			sourceTree = "<group>";
		};
		CA18C84F2BF2692700987B43 /* Products */ = {
			isa = PBXGroup;
			children = (
				CA18C84E2BF2692700987B43 /* AuthorizationApp.app */,
			);
			name = Products;
			sourceTree = "<group>";
		};
		CA18C8502BF2692700987B43 /* AuthorizationApp */ = {
			isa = PBXGroup;
			children = (
				CA18C8652BF26AB100987B43 /* Base */,
				CA18C8512BF2692700987B43 /* AppDelegate.swift */,
				CA18C8532BF2692700987B43 /* SceneDelegate.swift */,
				CA18C86C2BF26B0400987B43 /* LoginModule */,
				CA18C8722BF26B7D00987B43 /* RegistrationModule */,
				CADE7BDC2BF38D7E00E55F7C /* EditorModule */,
				CA18C85A2BF2692900987B43 /* Assets.xcassets */,
				CA18C85C2BF2692900987B43 /* LaunchScreen.storyboard */,
				CA18C85F2BF2692900987B43 /* Info.plist */,
				CADE7BB52BF362B800E55F7C /* GoogleService-Info.plist */,
			);
			path = AuthorizationApp;
			sourceTree = "<group>";
		};
		CA18C8652BF26AB100987B43 /* Base */ = {
			isa = PBXGroup;
			children = (
				CA18C8662BF26AC700987B43 /* Newable.swift */,
				CA18C8682BF26AE300987B43 /* UIView+Utils.swift */,
				CA18C86A2BF26AEC00987B43 /* UIStackView.swift */,
				CADE7BE72BF3A3AE00E55F7C /* AppFlow.swift */,
				CADE7BE92BF3CEFA00E55F7C /* ShareableImage.swift */,
			);
			path = Base;
			sourceTree = "<group>";
		};
		CA18C86C2BF26B0400987B43 /* LoginModule */ = {
			isa = PBXGroup;
			children = (
				CA18C8552BF2692700987B43 /* LoginViewController.swift */,
				CADE7BE52BF3A33C00E55F7C /* LoginViewModel.swift */,
			);
			path = LoginModule;
			sourceTree = "<group>";
		};
		CA18C8722BF26B7D00987B43 /* RegistrationModule */ = {
			isa = PBXGroup;
			children = (
				CA18C8732BF26B8D00987B43 /* RegistrationViewController.swift */,
			);
			path = RegistrationModule;
			sourceTree = "<group>";
		};
		CADE7BDC2BF38D7E00E55F7C /* EditorModule */ = {
			isa = PBXGroup;
			children = (
				CADE7BE22BF399C200E55F7C /* ViewModel */,
				CADE7BE12BF399BB00E55F7C /* View */,
			);
			path = EditorModule;
			sourceTree = "<group>";
		};
		CADE7BE12BF399BB00E55F7C /* View */ = {
			isa = PBXGroup;
			children = (
				CADE7BDD2BF38D9500E55F7C /* EditorViewController.swift */,
				CADE7BDF2BF3942F00E55F7C /* EditorCollectionViewCell.swift */,
			);
			path = View;
			sourceTree = "<group>";
		};
		CADE7BE22BF399C200E55F7C /* ViewModel */ = {
			isa = PBXGroup;
			children = (
				CADE7BE32BF399D100E55F7C /* EditorViewModel.swift */,
			);
			path = ViewModel;
			sourceTree = "<group>";
		};
/* End PBXGroup section */

/* Begin PBXNativeTarget section */
		CA18C84D2BF2692700987B43 /* AuthorizationApp */ = {
			isa = PBXNativeTarget;
			buildConfigurationList = CA18C8622BF2692900987B43 /* Build configuration list for PBXNativeTarget "AuthorizationApp" */;
			buildPhases = (
				CA18C84A2BF2692700987B43 /* Sources */,
				CA18C84B2BF2692700987B43 /* Frameworks */,
				CA18C84C2BF2692700987B43 /* Resources */,
			);
			buildRules = (
			);
			dependencies = (
			);
			name = AuthorizationApp;
			packageProductDependencies = (
				CADE7BA22BF2858600E55F7C /* SnapKit */,
				CADE7BA42BF2858600E55F7C /* SnapKit-Dynamic */,
				CADE7BA82BF2880A00E55F7C /* GoogleSignIn */,
				CADE7BAA2BF2880A00E55F7C /* GoogleSignInSwift */,
				CADE7BAF2BF289AC00E55F7C /* FirebaseAnalytics */,
				CADE7BB12BF289AC00E55F7C /* FirebaseAnalyticsSwift */,
				CADE7BEC2BF3EB4B00E55F7C /* CropViewController */,
				CADE7BEE2BF3EB4B00E55F7C /* TOCropViewController */,
			);
			productName = AuthorizationApp;
			productReference = CA18C84E2BF2692700987B43 /* AuthorizationApp.app */;
			productType = "com.apple.product-type.application";
		};
/* End PBXNativeTarget section */

/* Begin PBXProject section */
		CA18C8462BF2692700987B43 /* Project object */ = {
			isa = PBXProject;
			attributes = {
				BuildIndependentTargetsInParallel = 1;
				LastSwiftUpdateCheck = 1530;
				LastUpgradeCheck = 1530;
				TargetAttributes = {
					CA18C84D2BF2692700987B43 = {
						CreatedOnToolsVersion = 15.3;
					};
				};
			};
			buildConfigurationList = CA18C8492BF2692700987B43 /* Build configuration list for PBXProject "AuthorizationApp" */;
			compatibilityVersion = "Xcode 14.0";
			developmentRegion = en;
			hasScannedForEncodings = 0;
			knownRegions = (
				en,
				Base,
			);
			mainGroup = CA18C8452BF2692700987B43;
			packageReferences = (
				CADE7BA12BF2858600E55F7C /* XCRemoteSwiftPackageReference "SnapKit" */,
				CADE7BA72BF2880A00E55F7C /* XCRemoteSwiftPackageReference "GoogleSignIn-iOS" */,
				CADE7BAE2BF289AC00E55F7C /* XCRemoteSwiftPackageReference "firebase-ios-sdk" */,
				CADE7BEB2BF3EB4A00E55F7C /* XCRemoteSwiftPackageReference "TOCropViewController" */,
			);
			productRefGroup = CA18C84F2BF2692700987B43 /* Products */;
			projectDirPath = "";
			projectRoot = "";
			targets = (
				CA18C84D2BF2692700987B43 /* AuthorizationApp */,
			);
		};
/* End PBXProject section */

/* Begin PBXResourcesBuildPhase section */
		CA18C84C2BF2692700987B43 /* Resources */ = {
			isa = PBXResourcesBuildPhase;
			buildActionMask = 2147483647;
			files = (
				CA18C85B2BF2692900987B43 /* Assets.xcassets in Resources */,
				CA18C85E2BF2692900987B43 /* Base in Resources */,
				CADE7BB62BF362B800E55F7C /* GoogleService-Info.plist in Resources */,
			);
			runOnlyForDeploymentPostprocessing = 0;
		};
/* End PBXResourcesBuildPhase section */

/* Begin PBXSourcesBuildPhase section */
		CA18C84A2BF2692700987B43 /* Sources */ = {
			isa = PBXSourcesBuildPhase;
			buildActionMask = 2147483647;
			files = (
				CA18C8562BF2692700987B43 /* LoginViewController.swift in Sources */,
				CADE7BE82BF3A3AE00E55F7C /* AppFlow.swift in Sources */,
				CA18C86B2BF26AEC00987B43 /* UIStackView.swift in Sources */,
				CADE7BE62BF3A33C00E55F7C /* LoginViewModel.swift in Sources */,
				CADE7BEA2BF3CEFA00E55F7C /* ShareableImage.swift in Sources */,
				CA18C8522BF2692700987B43 /* AppDelegate.swift in Sources */,
				CADE7BDE2BF38D9500E55F7C /* EditorViewController.swift in Sources */,
				CA18C8692BF26AE300987B43 /* UIView+Utils.swift in Sources */,
				CADE7BE02BF3942F00E55F7C /* EditorCollectionViewCell.swift in Sources */,
				CA18C8742BF26B8D00987B43 /* RegistrationViewController.swift in Sources */,
				CADE7BE42BF399D100E55F7C /* EditorViewModel.swift in Sources */,
				CA18C8672BF26AC700987B43 /* Newable.swift in Sources */,
				CA18C8542BF2692700987B43 /* SceneDelegate.swift in Sources */,
			);
			runOnlyForDeploymentPostprocessing = 0;
		};
/* End PBXSourcesBuildPhase section */

/* Begin PBXVariantGroup section */
		CA18C85C2BF2692900987B43 /* LaunchScreen.storyboard */ = {
			isa = PBXVariantGroup;
			children = (
				CA18C85D2BF2692900987B43 /* Base */,
			);
			name = LaunchScreen.storyboard;
			sourceTree = "<group>";
		};
/* End PBXVariantGroup section */

/* Begin XCBuildConfiguration section */
		CA18C8602BF2692900987B43 /* Debug */ = {
			isa = XCBuildConfiguration;
			buildSettings = {
				ALWAYS_SEARCH_USER_PATHS = NO;
				ASSETCATALOG_COMPILER_GENERATE_SWIFT_ASSET_SYMBOL_EXTENSIONS = YES;
				CLANG_ANALYZER_NONNULL = YES;
				CLANG_ANALYZER_NUMBER_OBJECT_CONVERSION = YES_AGGRESSIVE;
				CLANG_CXX_LANGUAGE_STANDARD = "gnu++20";
				CLANG_ENABLE_MODULES = YES;
				CLANG_ENABLE_OBJC_ARC = YES;
				CLANG_ENABLE_OBJC_WEAK = YES;
				CLANG_WARN_BLOCK_CAPTURE_AUTORELEASING = YES;
				CLANG_WARN_BOOL_CONVERSION = YES;
				CLANG_WARN_COMMA = YES;
				CLANG_WARN_CONSTANT_CONVERSION = YES;
				CLANG_WARN_DEPRECATED_OBJC_IMPLEMENTATIONS = YES;
				CLANG_WARN_DIRECT_OBJC_ISA_USAGE = YES_ERROR;
				CLANG_WARN_DOCUMENTATION_COMMENTS = YES;
				CLANG_WARN_EMPTY_BODY = YES;
				CLANG_WARN_ENUM_CONVERSION = YES;
				CLANG_WARN_INFINITE_RECURSION = YES;
				CLANG_WARN_INT_CONVERSION = YES;
				CLANG_WARN_NON_LITERAL_NULL_CONVERSION = YES;
				CLANG_WARN_OBJC_IMPLICIT_RETAIN_SELF = YES;
				CLANG_WARN_OBJC_LITERAL_CONVERSION = YES;
				CLANG_WARN_OBJC_ROOT_CLASS = YES_ERROR;
				CLANG_WARN_QUOTED_INCLUDE_IN_FRAMEWORK_HEADER = YES;
				CLANG_WARN_RANGE_LOOP_ANALYSIS = YES;
				CLANG_WARN_STRICT_PROTOTYPES = YES;
				CLANG_WARN_SUSPICIOUS_MOVE = YES;
				CLANG_WARN_UNGUARDED_AVAILABILITY = YES_AGGRESSIVE;
				CLANG_WARN_UNREACHABLE_CODE = YES;
				CLANG_WARN__DUPLICATE_METHOD_MATCH = YES;
				COPY_PHASE_STRIP = NO;
				DEBUG_INFORMATION_FORMAT = dwarf;
				ENABLE_STRICT_OBJC_MSGSEND = YES;
				ENABLE_TESTABILITY = YES;
				ENABLE_USER_SCRIPT_SANDBOXING = YES;
				GCC_C_LANGUAGE_STANDARD = gnu17;
				GCC_DYNAMIC_NO_PIC = NO;
				GCC_NO_COMMON_BLOCKS = YES;
				GCC_OPTIMIZATION_LEVEL = 0;
				GCC_PREPROCESSOR_DEFINITIONS = (
					"DEBUG=1",
					"$(inherited)",
				);
				GCC_WARN_64_TO_32_BIT_CONVERSION = YES;
				GCC_WARN_ABOUT_RETURN_TYPE = YES_ERROR;
				GCC_WARN_UNDECLARED_SELECTOR = YES;
				GCC_WARN_UNINITIALIZED_AUTOS = YES_AGGRESSIVE;
				GCC_WARN_UNUSED_FUNCTION = YES;
				GCC_WARN_UNUSED_VARIABLE = YES;
				IPHONEOS_DEPLOYMENT_TARGET = 17.4;
				LOCALIZATION_PREFERS_STRING_CATALOGS = YES;
				MTL_ENABLE_DEBUG_INFO = INCLUDE_SOURCE;
				MTL_FAST_MATH = YES;
				ONLY_ACTIVE_ARCH = YES;
				SDKROOT = iphoneos;
				SWIFT_ACTIVE_COMPILATION_CONDITIONS = "DEBUG $(inherited)";
				SWIFT_OPTIMIZATION_LEVEL = "-Onone";
			};
			name = Debug;
		};
		CA18C8612BF2692900987B43 /* Release */ = {
			isa = XCBuildConfiguration;
			buildSettings = {
				ALWAYS_SEARCH_USER_PATHS = NO;
				ASSETCATALOG_COMPILER_GENERATE_SWIFT_ASSET_SYMBOL_EXTENSIONS = YES;
				CLANG_ANALYZER_NONNULL = YES;
				CLANG_ANALYZER_NUMBER_OBJECT_CONVERSION = YES_AGGRESSIVE;
				CLANG_CXX_LANGUAGE_STANDARD = "gnu++20";
				CLANG_ENABLE_MODULES = YES;
				CLANG_ENABLE_OBJC_ARC = YES;
				CLANG_ENABLE_OBJC_WEAK = YES;
				CLANG_WARN_BLOCK_CAPTURE_AUTORELEASING = YES;
				CLANG_WARN_BOOL_CONVERSION = YES;
				CLANG_WARN_COMMA = YES;
				CLANG_WARN_CONSTANT_CONVERSION = YES;
				CLANG_WARN_DEPRECATED_OBJC_IMPLEMENTATIONS = YES;
				CLANG_WARN_DIRECT_OBJC_ISA_USAGE = YES_ERROR;
				CLANG_WARN_DOCUMENTATION_COMMENTS = YES;
				CLANG_WARN_EMPTY_BODY = YES;
				CLANG_WARN_ENUM_CONVERSION = YES;
				CLANG_WARN_INFINITE_RECURSION = YES;
				CLANG_WARN_INT_CONVERSION = YES;
				CLANG_WARN_NON_LITERAL_NULL_CONVERSION = YES;
				CLANG_WARN_OBJC_IMPLICIT_RETAIN_SELF = YES;
				CLANG_WARN_OBJC_LITERAL_CONVERSION = YES;
				CLANG_WARN_OBJC_ROOT_CLASS = YES_ERROR;
				CLANG_WARN_QUOTED_INCLUDE_IN_FRAMEWORK_HEADER = YES;
				CLANG_WARN_RANGE_LOOP_ANALYSIS = YES;
				CLANG_WARN_STRICT_PROTOTYPES = YES;
				CLANG_WARN_SUSPICIOUS_MOVE = YES;
				CLANG_WARN_UNGUARDED_AVAILABILITY = YES_AGGRESSIVE;
				CLANG_WARN_UNREACHABLE_CODE = YES;
				CLANG_WARN__DUPLICATE_METHOD_MATCH = YES;
				COPY_PHASE_STRIP = NO;
				DEBUG_INFORMATION_FORMAT = "dwarf-with-dsym";
				ENABLE_NS_ASSERTIONS = NO;
				ENABLE_STRICT_OBJC_MSGSEND = YES;
				ENABLE_USER_SCRIPT_SANDBOXING = YES;
				GCC_C_LANGUAGE_STANDARD = gnu17;
				GCC_NO_COMMON_BLOCKS = YES;
				GCC_WARN_64_TO_32_BIT_CONVERSION = YES;
				GCC_WARN_ABOUT_RETURN_TYPE = YES_ERROR;
				GCC_WARN_UNDECLARED_SELECTOR = YES;
				GCC_WARN_UNINITIALIZED_AUTOS = YES_AGGRESSIVE;
				GCC_WARN_UNUSED_FUNCTION = YES;
				GCC_WARN_UNUSED_VARIABLE = YES;
				IPHONEOS_DEPLOYMENT_TARGET = 17.4;
				LOCALIZATION_PREFERS_STRING_CATALOGS = YES;
				MTL_ENABLE_DEBUG_INFO = NO;
				MTL_FAST_MATH = YES;
				SDKROOT = iphoneos;
				SWIFT_COMPILATION_MODE = wholemodule;
				VALIDATE_PRODUCT = YES;
			};
			name = Release;
		};
		CA18C8632BF2692900987B43 /* Debug */ = {
			isa = XCBuildConfiguration;
			buildSettings = {
				ASSETCATALOG_COMPILER_APPICON_NAME = AppIcon;
				ASSETCATALOG_COMPILER_GLOBAL_ACCENT_COLOR_NAME = AccentColor;
				CODE_SIGN_STYLE = Automatic;
				CURRENT_PROJECT_VERSION = 1;
				DEVELOPMENT_TEAM = WB3Y8FF57H;
				GENERATE_INFOPLIST_FILE = YES;
				INFOPLIST_FILE = AuthorizationApp/Info.plist;
				INFOPLIST_KEY_NSCameraUsageDescription = "Please allow access to camera.";
				INFOPLIST_KEY_NSPhotoLibraryAddUsageDescription = "Our application needs permission to write photos...";
				INFOPLIST_KEY_NSPhotoLibraryUsageDescription = "Please allow access to select photo.";
				INFOPLIST_KEY_UIApplicationSupportsIndirectInputEvents = YES;
				INFOPLIST_KEY_UILaunchStoryboardName = LaunchScreen;
				INFOPLIST_KEY_UISupportedInterfaceOrientations_iPad = "UIInterfaceOrientationPortrait UIInterfaceOrientationPortraitUpsideDown UIInterfaceOrientationLandscapeLeft UIInterfaceOrientationLandscapeRight";
				INFOPLIST_KEY_UISupportedInterfaceOrientations_iPhone = "UIInterfaceOrientationPortrait UIInterfaceOrientationLandscapeLeft UIInterfaceOrientationLandscapeRight";
				IPHONEOS_DEPLOYMENT_TARGET = 16.0;
				LD_RUNPATH_SEARCH_PATHS = (
					"$(inherited)",
					"@executable_path/Frameworks",
				);
				MARKETING_VERSION = 1.0;
				PRODUCT_BUNDLE_IDENTIFIER = yuliasimanavets.AuthorizationApp;
				PRODUCT_NAME = "$(TARGET_NAME)";
				SWIFT_EMIT_LOC_STRINGS = YES;
				SWIFT_VERSION = 5.0;
				TARGETED_DEVICE_FAMILY = "1,2";
			};
			name = Debug;
		};
		CA18C8642BF2692900987B43 /* Release */ = {
			isa = XCBuildConfiguration;
			buildSettings = {
				ASSETCATALOG_COMPILER_APPICON_NAME = AppIcon;
				ASSETCATALOG_COMPILER_GLOBAL_ACCENT_COLOR_NAME = AccentColor;
				CODE_SIGN_STYLE = Automatic;
				CURRENT_PROJECT_VERSION = 1;
				DEVELOPMENT_TEAM = WB3Y8FF57H;
				GENERATE_INFOPLIST_FILE = YES;
				INFOPLIST_FILE = AuthorizationApp/Info.plist;
				INFOPLIST_KEY_NSCameraUsageDescription = "Please allow access to camera.";
				INFOPLIST_KEY_NSPhotoLibraryAddUsageDescription = "Our application needs permission to write photos...";
				INFOPLIST_KEY_NSPhotoLibraryUsageDescription = "Please allow access to select photo.";
				INFOPLIST_KEY_UIApplicationSupportsIndirectInputEvents = YES;
				INFOPLIST_KEY_UILaunchStoryboardName = LaunchScreen;
				INFOPLIST_KEY_UISupportedInterfaceOrientations_iPad = "UIInterfaceOrientationPortrait UIInterfaceOrientationPortraitUpsideDown UIInterfaceOrientationLandscapeLeft UIInterfaceOrientationLandscapeRight";
				INFOPLIST_KEY_UISupportedInterfaceOrientations_iPhone = "UIInterfaceOrientationPortrait UIInterfaceOrientationLandscapeLeft UIInterfaceOrientationLandscapeRight";
				IPHONEOS_DEPLOYMENT_TARGET = 16.0;
				LD_RUNPATH_SEARCH_PATHS = (
					"$(inherited)",
					"@executable_path/Frameworks",
				);
				MARKETING_VERSION = 1.0;
				PRODUCT_BUNDLE_IDENTIFIER = yuliasimanavets.AuthorizationApp;
				PRODUCT_NAME = "$(TARGET_NAME)";
				SWIFT_EMIT_LOC_STRINGS = YES;
				SWIFT_VERSION = 5.0;
				TARGETED_DEVICE_FAMILY = "1,2";
			};
			name = Release;
		};
/* End XCBuildConfiguration section */

/* Begin XCConfigurationList section */
		CA18C8492BF2692700987B43 /* Build configuration list for PBXProject "AuthorizationApp" */ = {
			isa = XCConfigurationList;
			buildConfigurations = (
				CA18C8602BF2692900987B43 /* Debug */,
				CA18C8612BF2692900987B43 /* Release */,
			);
			defaultConfigurationIsVisible = 0;
			defaultConfigurationName = Release;
		};
		CA18C8622BF2692900987B43 /* Build configuration list for PBXNativeTarget "AuthorizationApp" */ = {
			isa = XCConfigurationList;
			buildConfigurations = (
				CA18C8632BF2692900987B43 /* Debug */,
				CA18C8642BF2692900987B43 /* Release */,
			);
			defaultConfigurationIsVisible = 0;
			defaultConfigurationName = Release;
		};
/* End XCConfigurationList section */

/* Begin XCRemoteSwiftPackageReference section */
		CADE7BA12BF2858600E55F7C /* XCRemoteSwiftPackageReference "SnapKit" */ = {
			isa = XCRemoteSwiftPackageReference;
			repositoryURL = "https://github.com/SnapKit/SnapKit.git";
			requirement = {
				kind = upToNextMajorVersion;
				minimumVersion = 5.7.1;
			};
		};
		CADE7BA72BF2880A00E55F7C /* XCRemoteSwiftPackageReference "GoogleSignIn-iOS" */ = {
			isa = XCRemoteSwiftPackageReference;
			repositoryURL = "https://github.com/google/GoogleSignIn-iOS";
			requirement = {
				kind = upToNextMajorVersion;
				minimumVersion = 7.1.0;
			};
		};
		CADE7BAE2BF289AC00E55F7C /* XCRemoteSwiftPackageReference "firebase-ios-sdk" */ = {
			isa = XCRemoteSwiftPackageReference;
			repositoryURL = "https://github.com/firebase/firebase-ios-sdk.git";
			requirement = {
				kind = upToNextMajorVersion;
				minimumVersion = 10.26.0;
			};
		};
		CADE7BEB2BF3EB4A00E55F7C /* XCRemoteSwiftPackageReference "TOCropViewController" */ = {
			isa = XCRemoteSwiftPackageReference;
			repositoryURL = "https://github.com/TimOliver/TOCropViewController.git";
			requirement = {
				kind = upToNextMajorVersion;
				minimumVersion = 2.7.4;
			};
		};
/* End XCRemoteSwiftPackageReference section */

/* Begin XCSwiftPackageProductDependency section */
		CADE7BA22BF2858600E55F7C /* SnapKit */ = {
			isa = XCSwiftPackageProductDependency;
			package = CADE7BA12BF2858600E55F7C /* XCRemoteSwiftPackageReference "SnapKit" */;
			productName = SnapKit;
		};
		CADE7BA42BF2858600E55F7C /* SnapKit-Dynamic */ = {
			isa = XCSwiftPackageProductDependency;
			package = CADE7BA12BF2858600E55F7C /* XCRemoteSwiftPackageReference "SnapKit" */;
			productName = "SnapKit-Dynamic";
		};
		CADE7BA82BF2880A00E55F7C /* GoogleSignIn */ = {
			isa = XCSwiftPackageProductDependency;
			package = CADE7BA72BF2880A00E55F7C /* XCRemoteSwiftPackageReference "GoogleSignIn-iOS" */;
			productName = GoogleSignIn;
		};
		CADE7BAA2BF2880A00E55F7C /* GoogleSignInSwift */ = {
			isa = XCSwiftPackageProductDependency;
			package = CADE7BA72BF2880A00E55F7C /* XCRemoteSwiftPackageReference "GoogleSignIn-iOS" */;
			productName = GoogleSignInSwift;
		};
		CADE7BAF2BF289AC00E55F7C /* FirebaseAnalytics */ = {
			isa = XCSwiftPackageProductDependency;
			package = CADE7BAE2BF289AC00E55F7C /* XCRemoteSwiftPackageReference "firebase-ios-sdk" */;
			productName = FirebaseAnalytics;
		};
		CADE7BB12BF289AC00E55F7C /* FirebaseAnalyticsSwift */ = {
			isa = XCSwiftPackageProductDependency;
			package = CADE7BAE2BF289AC00E55F7C /* XCRemoteSwiftPackageReference "firebase-ios-sdk" */;
			productName = FirebaseAnalyticsSwift;
		};
		CADE7BEC2BF3EB4B00E55F7C /* CropViewController */ = {
			isa = XCSwiftPackageProductDependency;
			package = CADE7BEB2BF3EB4A00E55F7C /* XCRemoteSwiftPackageReference "TOCropViewController" */;
			productName = CropViewController;
		};
		CADE7BEE2BF3EB4B00E55F7C /* TOCropViewController */ = {
			isa = XCSwiftPackageProductDependency;
			package = CADE7BEB2BF3EB4A00E55F7C /* XCRemoteSwiftPackageReference "TOCropViewController" */;
			productName = TOCropViewController;
		};
/* End XCSwiftPackageProductDependency section */
	};
	rootObject = CA18C8462BF2692700987B43 /* Project object */;
}
